
Microsoft Visual Studio Solution File, Format Version 12.00
# Visual Studio 15
VisualStudioVersion = 15.0.28307.539
MinimumVisualStudioVersion = 10.0.40219.1
Project("{2150E333-8FDC-42A3-9474-1A3956D46DE8}") = "App", "App", "{08C450A9-A6B7-48BB-9266-EAE7C1B9293E}"
EndProject
Project("{2150E333-8FDC-42A3-9474-1A3956D46DE8}") = "Infrastructure", "Infrastructure", "{30B60AD1-8EE1-47F9-9258-D4FBFBE440BA}"
EndProject
Project("{2150E333-8FDC-42A3-9474-1A3956D46DE8}") = "Config", "Config", "{76242564-F8A8-4B23-9F8D-052D29A2670D}"
EndProject
Project("{2150E333-8FDC-42A3-9474-1A3956D46DE8}") = "Contract", "Contract", "{623AB61F-1AB4-472A-8812-074EF6F3394A}"
EndProject
Project("{2150E333-8FDC-42A3-9474-1A3956D46DE8}") = "DataAccess", "DataAccess", "{DECF7D60-3968-417E-A16C-4359AAD9E672}"
EndProject
Project("{2150E333-8FDC-42A3-9474-1A3956D46DE8}") = "Model", "Model", "{9771E7F5-0016-45B3-8D7E-C0774DBC3E16}"
EndProject
Project("{2150E333-8FDC-42A3-9474-1A3956D46DE8}") = "Repository", "Repository", "{DAD8B86D-6245-4662-A0D3-EF34C731560B}"
EndProject
Project("{2150E333-8FDC-42A3-9474-1A3956D46DE8}") = "Business", "Business", "{D890F79D-A31B-4784-A0FC-BF829C178A9A}"
EndProject
Project("{2150E333-8FDC-42A3-9474-1A3956D46DE8}") = "Service", "Service", "{F9647B52-0297-4E5F-8FB4-5953DE472730}"
EndProject
Project("{2150E333-8FDC-42A3-9474-1A3956D46DE8}") = "Domain", "Domain", "{AEF4BCA5-8F49-415A-94A9-7B87AF50C021}"
EndProject
Project("{2150E333-8FDC-42A3-9474-1A3956D46DE8}") = "Implement", "Implement", "{0F935E43-D5C9-4CAE-AC34-0D3F8BB4927D}"
EndProject
Project("{9A19103F-16F7-4668-BE54-9A1E7A4F7556}") = "App.DBConfig", "Infrastructure\Config\App.DBConfig\App.DBConfig.csproj", "{CC1D0FC5-703D-4D4F-A525-948D26A10199}"
EndProject
Project("{9A19103F-16F7-4668-BE54-9A1E7A4F7556}") = "App.IoC", "Infrastructure\Config\App.IoC\App.IoC.csproj", "{225A408C-469A-42D3-BEB7-00BFF9180A89}"
EndProject
Project("{9A19103F-16F7-4668-BE54-9A1E7A4F7556}") = "App.Mapper", "Infrastructure\Config\App.Mapper\App.Mapper.csproj", "{0B5015E4-DF15-4DE5-BF44-F3F7A6161143}"
EndProject
Project("{2150E333-8FDC-42A3-9474-1A3956D46DE8}") = "BusinessContract", "BusinessContract", "{5A1BB330-3480-421A-97D2-DC6D2B123DC6}"
EndProject
Project("{2150E333-8FDC-42A3-9474-1A3956D46DE8}") = "DataAccessContract", "DataAccessContract", "{2DE7CA6A-F8DB-4830-ADDB-43A8FBA677B7}"
EndProject
Project("{2150E333-8FDC-42A3-9474-1A3956D46DE8}") = "ServiceContract", "ServiceContract", "{100658DD-D275-4171-9797-DE39BC96B02D}"
EndProject
Project("{2150E333-8FDC-42A3-9474-1A3956D46DE8}") = "DTO", "DTO", "{9AFBD066-B8C9-45B8-8604-74C87F8E7928}"
EndProject
Project("{2150E333-8FDC-42A3-9474-1A3956D46DE8}") = "Entity", "Entity", "{D58A93AE-16E1-4E4D-A9A4-C3BBFEB94AA2}"
EndProject
Project("{2150E333-8FDC-42A3-9474-1A3956D46DE8}") = "Presentation", "Presentation", "{AF42C294-65FE-4216-A7B8-31C84EC81A61}"
EndProject
Project("{2150E333-8FDC-42A3-9474-1A3956D46DE8}") = "Query", "Query", "{0024D7A2-04F0-4602-9FC2-0C92B88B79C5}"
EndProject
Project("{9A19103F-16F7-4668-BE54-9A1E7A4F7556}") = "Site.Cms", "App\Site.Cms\Site.Cms.csproj", "{AB977C92-CB58-426D-9C68-F7B3C5710C03}"
EndProject
Project("{9A19103F-16F7-4668-BE54-9A1E7A4F7556}") = "Site.Cms.Config", "Infrastructure\Config\Site.Cms.Config\Site.Cms.Config.csproj", "{9DB102E3-D9D4-4133-B8C6-8153311C43D9}"
EndProject
Project("{9A19103F-16F7-4668-BE54-9A1E7A4F7556}") = "EZNEW.BusinessContract.CTask", "Infrastructure\Contract\BusinessContract\EZNEW.BusinessContract.CTask\EZNEW.BusinessContract.CTask.csproj", "{18F728D5-AAD3-40A4-8FCE-F5A55AFEDCBB}"
EndProject
Project("{9A19103F-16F7-4668-BE54-9A1E7A4F7556}") = "EZNEW.Entity.CTask", "Infrastructure\Model\Entity\EZNEW.Entity.CTask\EZNEW.Entity.CTask.csproj", "{294855A6-6CAB-4FDE-A7C8-4F93FF527260}"
EndProject
Project("{9A19103F-16F7-4668-BE54-9A1E7A4F7556}") = "EZNEW.Entity.Sys", "Infrastructure\Model\Entity\EZNEW.Entity.Sys\EZNEW.Entity.Sys.csproj", "{91D4666C-E973-4651-AD3D-A9BBF194671E}"
EndProject
Project("{9A19103F-16F7-4668-BE54-9A1E7A4F7556}") = "EZNEW.DTO.CTask", "Infrastructure\Model\DTO\EZNEW.DTO.CTask\EZNEW.DTO.CTask.csproj", "{BA0AFDD6-0099-43CE-A28F-5BF0D679AEE9}"
EndProject
Project("{9A19103F-16F7-4668-BE54-9A1E7A4F7556}") = "EZNEW.DTO.Sys", "Infrastructure\Model\DTO\EZNEW.DTO.Sys\EZNEW.DTO.Sys.csproj", "{6BB80DC7-0151-4516-9FC1-841E40E43F0C}"
EndProject
Project("{9A19103F-16F7-4668-BE54-9A1E7A4F7556}") = "EZNEW.ViewModel.Common", "Infrastructure\Model\Presentation\EZNEW.ViewModel.Common\EZNEW.ViewModel.Common.csproj", "{D42C2971-8207-453A-9F31-C5BE5A1B28EA}"
EndProject
Project("{9A19103F-16F7-4668-BE54-9A1E7A4F7556}") = "EZNEW.ViewModel.CTask", "Infrastructure\Model\Presentation\EZNEW.ViewModel.CTask\EZNEW.ViewModel.CTask.csproj", "{165A73E0-E25F-4CDD-AB69-2BC3B723FA2A}"
EndProject
Project("{9A19103F-16F7-4668-BE54-9A1E7A4F7556}") = "EZNEW.ViewModel.Sys", "Infrastructure\Model\Presentation\EZNEW.ViewModel.Sys\EZNEW.ViewModel.Sys.csproj", "{0DD7957D-B009-40B8-9B6A-DD1C73052BCC}"
EndProject
Project("{9A19103F-16F7-4668-BE54-9A1E7A4F7556}") = "EZNEW.Query.CTask", "Infrastructure\Model\Query\EZNEW.Query.CTask\EZNEW.Query.CTask.csproj", "{5469B1E4-438B-426F-ADC2-608B6DBC6B09}"
EndProject
Project("{9A19103F-16F7-4668-BE54-9A1E7A4F7556}") = "EZNEW.Query.Sys", "Infrastructure\Model\Query\EZNEW.Query.Sys\EZNEW.Query.Sys.csproj", "{EE8D1BEB-D56D-47BB-8DBD-5FBB10A546E0}"
EndProject
Project("{9A19103F-16F7-4668-BE54-9A1E7A4F7556}") = "EZNEW.BusinessContract.Sys", "Infrastructure\Contract\BusinessContract\EZNEW.BusinessContract.Sys\EZNEW.BusinessContract.Sys.csproj", "{43B6628F-4AC7-40F0-9218-803A2F644DB5}"
EndProject
Project("{9A19103F-16F7-4668-BE54-9A1E7A4F7556}") = "EZNEW.DataAccessContract.CTask", "Infrastructure\Contract\DataAccessContract\EZNEW.DataAccessContract.CTask\EZNEW.DataAccessContract.CTask.csproj", "{1EA66CEC-55EE-4210-B6D9-95012C341BDB}"
EndProject
Project("{9A19103F-16F7-4668-BE54-9A1E7A4F7556}") = "EZNEW.DataAccessContract.Sys", "Infrastructure\Contract\DataAccessContract\EZNEW.DataAccessContract.Sys\EZNEW.DataAccessContract.Sys.csproj", "{F4969D38-A6D6-41C0-909E-31D6E4D6B7BB}"
EndProject
Project("{9A19103F-16F7-4668-BE54-9A1E7A4F7556}") = "EZNEW.ServiceContract.CTask", "Infrastructure\Contract\ServiceContract\EZNEW.ServiceContract.CTask\EZNEW.ServiceContract.CTask.csproj", "{FEC28549-1E59-410D-A22D-205DFB05BAEB}"
EndProject
Project("{9A19103F-16F7-4668-BE54-9A1E7A4F7556}") = "EZNEW.ServiceContract.Sys", "Infrastructure\Contract\ServiceContract\EZNEW.ServiceContract.Sys\EZNEW.ServiceContract.Sys.csproj", "{BFE5C1D4-46CD-4229-BEAF-8009E585E8B2}"
EndProject
Project("{9A19103F-16F7-4668-BE54-9A1E7A4F7556}") = "EZNEW.DataAccess.CTask", "Infrastructure\DataAccess\EZNEW.DataAccess.CTask\EZNEW.DataAccess.CTask.csproj", "{F94B9C8D-B262-4341-9732-291C8D881DF5}"
EndProject
Project("{9A19103F-16F7-4668-BE54-9A1E7A4F7556}") = "EZNEW.DataAccess.Sys", "Infrastructure\DataAccess\EZNEW.DataAccess.Sys\EZNEW.DataAccess.Sys.csproj", "{BEC44A09-4AAA-4039-9E6C-203A0B249EAB}"
EndProject
Project("{9A19103F-16F7-4668-BE54-9A1E7A4F7556}") = "EZNEW.Repository.CTask", "Infrastructure\Repository\EZNEW.Repository.CTask\EZNEW.Repository.CTask.csproj", "{F71D8FDE-1261-4C6B-B971-FF20B70DAC5D}"
EndProject
Project("{9A19103F-16F7-4668-BE54-9A1E7A4F7556}") = "EZNEW.Repository.Sys", "Infrastructure\Repository\EZNEW.Repository.Sys\EZNEW.Repository.Sys.csproj", "{94179696-D377-47E0-9356-5E51CC873FFA}"
EndProject
Project("{9A19103F-16F7-4668-BE54-9A1E7A4F7556}") = "EZNEW.Domain.CTask", "Business\Domain\EZNEW.Domain.Task\EZNEW.Domain.CTask.csproj", "{158B229F-6EAB-4A70-B1DB-A6C291B695C9}"
EndProject
Project("{9A19103F-16F7-4668-BE54-9A1E7A4F7556}") = "EZNEW.Domain.Sys", "Business\Domain\EZNEW.Domain.Sys\EZNEW.Domain.Sys.csproj", "{1936F7CE-9A78-4479-811A-D1BAF07F8A2B}"
EndProject
Project("{9A19103F-16F7-4668-BE54-9A1E7A4F7556}") = "EZNEW.Business.CTask", "Business\Implement\EZNEW.Business.CTask\EZNEW.Business.CTask.csproj", "{7D179809-3AD5-4F19-BA12-AC55721B2A90}"
EndProject
Project("{9A19103F-16F7-4668-BE54-9A1E7A4F7556}") = "EZNEW.Business.Sys", "Business\Implement\EZNEW.Business.Sys\EZNEW.Business.Sys.csproj", "{83908A7D-71C0-47BF-8B61-6762CF3C8D90}"
EndProject
Project("{9A19103F-16F7-4668-BE54-9A1E7A4F7556}") = "EZNEW.Service.Sys", "Service\EZNEW.Service.Sys\EZNEW.Service.Sys.csproj", "{851EBBDC-DDE2-4434-A6E6-3402B4C0262C}"
EndProject
Project("{9A19103F-16F7-4668-BE54-9A1E7A4F7556}") = "EZNEW.Service.CTask", "Service\EZNEW.Service.CTask\EZNEW.Service.CTask.csproj", "{14CF0642-A7B5-40E2-8161-699DE2EBC25C}"
EndProject
Global
	GlobalSection(SolutionConfigurationPlatforms) = preSolution
		Debug|Any CPU = Debug|Any CPU
		Release|Any CPU = Release|Any CPU
	EndGlobalSection
	GlobalSection(ProjectConfigurationPlatforms) = postSolution
		{CC1D0FC5-703D-4D4F-A525-948D26A10199}.Debug|Any CPU.ActiveCfg = Debug|Any CPU
		{CC1D0FC5-703D-4D4F-A525-948D26A10199}.Debug|Any CPU.Build.0 = Debug|Any CPU
		{CC1D0FC5-703D-4D4F-A525-948D26A10199}.Release|Any CPU.ActiveCfg = Release|Any CPU
		{CC1D0FC5-703D-4D4F-A525-948D26A10199}.Release|Any CPU.Build.0 = Release|Any CPU
		{225A408C-469A-42D3-BEB7-00BFF9180A89}.Debug|Any CPU.ActiveCfg = Debug|Any CPU
		{225A408C-469A-42D3-BEB7-00BFF9180A89}.Debug|Any CPU.Build.0 = Debug|Any CPU
		{225A408C-469A-42D3-BEB7-00BFF9180A89}.Release|Any CPU.ActiveCfg = Release|Any CPU
		{225A408C-469A-42D3-BEB7-00BFF9180A89}.Release|Any CPU.Build.0 = Release|Any CPU
		{0B5015E4-DF15-4DE5-BF44-F3F7A6161143}.Debug|Any CPU.ActiveCfg = Debug|Any CPU
		{0B5015E4-DF15-4DE5-BF44-F3F7A6161143}.Debug|Any CPU.Build.0 = Debug|Any CPU
		{0B5015E4-DF15-4DE5-BF44-F3F7A6161143}.Release|Any CPU.ActiveCfg = Release|Any CPU
		{0B5015E4-DF15-4DE5-BF44-F3F7A6161143}.Release|Any CPU.Build.0 = Release|Any CPU
		{AB977C92-CB58-426D-9C68-F7B3C5710C03}.Debug|Any CPU.ActiveCfg = Debug|Any CPU
		{AB977C92-CB58-426D-9C68-F7B3C5710C03}.Debug|Any CPU.Build.0 = Debug|Any CPU
		{AB977C92-CB58-426D-9C68-F7B3C5710C03}.Release|Any CPU.ActiveCfg = Release|Any CPU
		{AB977C92-CB58-426D-9C68-F7B3C5710C03}.Release|Any CPU.Build.0 = Release|Any CPU
		{9DB102E3-D9D4-4133-B8C6-8153311C43D9}.Debug|Any CPU.ActiveCfg = Debug|Any CPU
		{9DB102E3-D9D4-4133-B8C6-8153311C43D9}.Debug|Any CPU.Build.0 = Debug|Any CPU
		{9DB102E3-D9D4-4133-B8C6-8153311C43D9}.Release|Any CPU.ActiveCfg = Release|Any CPU
		{9DB102E3-D9D4-4133-B8C6-8153311C43D9}.Release|Any CPU.Build.0 = Release|Any CPU
		{18F728D5-AAD3-40A4-8FCE-F5A55AFEDCBB}.Debug|Any CPU.ActiveCfg = Debug|Any CPU
		{18F728D5-AAD3-40A4-8FCE-F5A55AFEDCBB}.Debug|Any CPU.Build.0 = Debug|Any CPU
		{18F728D5-AAD3-40A4-8FCE-F5A55AFEDCBB}.Release|Any CPU.ActiveCfg = Release|Any CPU
		{18F728D5-AAD3-40A4-8FCE-F5A55AFEDCBB}.Release|Any CPU.Build.0 = Release|Any CPU
		{294855A6-6CAB-4FDE-A7C8-4F93FF527260}.Debug|Any CPU.ActiveCfg = Debug|Any CPU
		{294855A6-6CAB-4FDE-A7C8-4F93FF527260}.Debug|Any CPU.Build.0 = Debug|Any CPU
		{294855A6-6CAB-4FDE-A7C8-4F93FF527260}.Release|Any CPU.ActiveCfg = Release|Any CPU
		{294855A6-6CAB-4FDE-A7C8-4F93FF527260}.Release|Any CPU.Build.0 = Release|Any CPU
		{91D4666C-E973-4651-AD3D-A9BBF194671E}.Debug|Any CPU.ActiveCfg = Debug|Any CPU
		{91D4666C-E973-4651-AD3D-A9BBF194671E}.Debug|Any CPU.Build.0 = Debug|Any CPU
		{91D4666C-E973-4651-AD3D-A9BBF194671E}.Release|Any CPU.ActiveCfg = Release|Any CPU
		{91D4666C-E973-4651-AD3D-A9BBF194671E}.Release|Any CPU.Build.0 = Release|Any CPU
		{BA0AFDD6-0099-43CE-A28F-5BF0D679AEE9}.Debug|Any CPU.ActiveCfg = Debug|Any CPU
		{BA0AFDD6-0099-43CE-A28F-5BF0D679AEE9}.Debug|Any CPU.Build.0 = Debug|Any CPU
		{BA0AFDD6-0099-43CE-A28F-5BF0D679AEE9}.Release|Any CPU.ActiveCfg = Release|Any CPU
		{BA0AFDD6-0099-43CE-A28F-5BF0D679AEE9}.Release|Any CPU.Build.0 = Release|Any CPU
		{6BB80DC7-0151-4516-9FC1-841E40E43F0C}.Debug|Any CPU.ActiveCfg = Debug|Any CPU
		{6BB80DC7-0151-4516-9FC1-841E40E43F0C}.Debug|Any CPU.Build.0 = Debug|Any CPU
		{6BB80DC7-0151-4516-9FC1-841E40E43F0C}.Release|Any CPU.ActiveCfg = Release|Any CPU
		{6BB80DC7-0151-4516-9FC1-841E40E43F0C}.Release|Any CPU.Build.0 = Release|Any CPU
		{D42C2971-8207-453A-9F31-C5BE5A1B28EA}.Debug|Any CPU.ActiveCfg = Debug|Any CPU
		{D42C2971-8207-453A-9F31-C5BE5A1B28EA}.Debug|Any CPU.Build.0 = Debug|Any CPU
		{D42C2971-8207-453A-9F31-C5BE5A1B28EA}.Release|Any CPU.ActiveCfg = Release|Any CPU
		{D42C2971-8207-453A-9F31-C5BE5A1B28EA}.Release|Any CPU.Build.0 = Release|Any CPU
		{165A73E0-E25F-4CDD-AB69-2BC3B723FA2A}.Debug|Any CPU.ActiveCfg = Debug|Any CPU
		{165A73E0-E25F-4CDD-AB69-2BC3B723FA2A}.Debug|Any CPU.Build.0 = Debug|Any CPU
		{165A73E0-E25F-4CDD-AB69-2BC3B723FA2A}.Release|Any CPU.ActiveCfg = Release|Any CPU
		{165A73E0-E25F-4CDD-AB69-2BC3B723FA2A}.Release|Any CPU.Build.0 = Release|Any CPU
		{0DD7957D-B009-40B8-9B6A-DD1C73052BCC}.Debug|Any CPU.ActiveCfg = Debug|Any CPU
		{0DD7957D-B009-40B8-9B6A-DD1C73052BCC}.Debug|Any CPU.Build.0 = Debug|Any CPU
		{0DD7957D-B009-40B8-9B6A-DD1C73052BCC}.Release|Any CPU.ActiveCfg = Release|Any CPU
		{0DD7957D-B009-40B8-9B6A-DD1C73052BCC}.Release|Any CPU.Build.0 = Release|Any CPU
		{5469B1E4-438B-426F-ADC2-608B6DBC6B09}.Debug|Any CPU.ActiveCfg = Debug|Any CPU
		{5469B1E4-438B-426F-ADC2-608B6DBC6B09}.Debug|Any CPU.Build.0 = Debug|Any CPU
		{5469B1E4-438B-426F-ADC2-608B6DBC6B09}.Release|Any CPU.ActiveCfg = Release|Any CPU
		{5469B1E4-438B-426F-ADC2-608B6DBC6B09}.Release|Any CPU.Build.0 = Release|Any CPU
		{EE8D1BEB-D56D-47BB-8DBD-5FBB10A546E0}.Debug|Any CPU.ActiveCfg = Debug|Any CPU
		{EE8D1BEB-D56D-47BB-8DBD-5FBB10A546E0}.Debug|Any CPU.Build.0 = Debug|Any CPU
		{EE8D1BEB-D56D-47BB-8DBD-5FBB10A546E0}.Release|Any CPU.ActiveCfg = Release|Any CPU
		{EE8D1BEB-D56D-47BB-8DBD-5FBB10A546E0}.Release|Any CPU.Build.0 = Release|Any CPU
		{43B6628F-4AC7-40F0-9218-803A2F644DB5}.Debug|Any CPU.ActiveCfg = Debug|Any CPU
		{43B6628F-4AC7-40F0-9218-803A2F644DB5}.Debug|Any CPU.Build.0 = Debug|Any CPU
		{43B6628F-4AC7-40F0-9218-803A2F644DB5}.Release|Any CPU.ActiveCfg = Release|Any CPU
		{43B6628F-4AC7-40F0-9218-803A2F644DB5}.Release|Any CPU.Build.0 = Release|Any CPU
		{1EA66CEC-55EE-4210-B6D9-95012C341BDB}.Debug|Any CPU.ActiveCfg = Debug|Any CPU
		{1EA66CEC-55EE-4210-B6D9-95012C341BDB}.Debug|Any CPU.Build.0 = Debug|Any CPU
		{1EA66CEC-55EE-4210-B6D9-95012C341BDB}.Release|Any CPU.ActiveCfg = Release|Any CPU
		{1EA66CEC-55EE-4210-B6D9-95012C341BDB}.Release|Any CPU.Build.0 = Release|Any CPU
		{F4969D38-A6D6-41C0-909E-31D6E4D6B7BB}.Debug|Any CPU.ActiveCfg = Debug|Any CPU
		{F4969D38-A6D6-41C0-909E-31D6E4D6B7BB}.Debug|Any CPU.Build.0 = Debug|Any CPU
		{F4969D38-A6D6-41C0-909E-31D6E4D6B7BB}.Release|Any CPU.ActiveCfg = Release|Any CPU
		{F4969D38-A6D6-41C0-909E-31D6E4D6B7BB}.Release|Any CPU.Build.0 = Release|Any CPU
		{FEC28549-1E59-410D-A22D-205DFB05BAEB}.Debug|Any CPU.ActiveCfg = Debug|Any CPU
		{FEC28549-1E59-410D-A22D-205DFB05BAEB}.Debug|Any CPU.Build.0 = Debug|Any CPU
		{FEC28549-1E59-410D-A22D-205DFB05BAEB}.Release|Any CPU.ActiveCfg = Release|Any CPU
		{FEC28549-1E59-410D-A22D-205DFB05BAEB}.Release|Any CPU.Build.0 = Release|Any CPU
		{BFE5C1D4-46CD-4229-BEAF-8009E585E8B2}.Debug|Any CPU.ActiveCfg = Debug|Any CPU
		{BFE5C1D4-46CD-4229-BEAF-8009E585E8B2}.Debug|Any CPU.Build.0 = Debug|Any CPU
		{BFE5C1D4-46CD-4229-BEAF-8009E585E8B2}.Release|Any CPU.ActiveCfg = Release|Any CPU
		{BFE5C1D4-46CD-4229-BEAF-8009E585E8B2}.Release|Any CPU.Build.0 = Release|Any CPU
		{F94B9C8D-B262-4341-9732-291C8D881DF5}.Debug|Any CPU.ActiveCfg = Debug|Any CPU
		{F94B9C8D-B262-4341-9732-291C8D881DF5}.Debug|Any CPU.Build.0 = Debug|Any CPU
		{F94B9C8D-B262-4341-9732-291C8D881DF5}.Release|Any CPU.ActiveCfg = Release|Any CPU
		{F94B9C8D-B262-4341-9732-291C8D881DF5}.Release|Any CPU.Build.0 = Release|Any CPU
		{BEC44A09-4AAA-4039-9E6C-203A0B249EAB}.Debug|Any CPU.ActiveCfg = Debug|Any CPU
		{BEC44A09-4AAA-4039-9E6C-203A0B249EAB}.Debug|Any CPU.Build.0 = Debug|Any CPU
		{BEC44A09-4AAA-4039-9E6C-203A0B249EAB}.Release|Any CPU.ActiveCfg = Release|Any CPU
		{BEC44A09-4AAA-4039-9E6C-203A0B249EAB}.Release|Any CPU.Build.0 = Release|Any CPU
		{F71D8FDE-1261-4C6B-B971-FF20B70DAC5D}.Debug|Any CPU.ActiveCfg = Debug|Any CPU
		{F71D8FDE-1261-4C6B-B971-FF20B70DAC5D}.Debug|Any CPU.Build.0 = Debug|Any CPU
		{F71D8FDE-1261-4C6B-B971-FF20B70DAC5D}.Release|Any CPU.ActiveCfg = Release|Any CPU
		{F71D8FDE-1261-4C6B-B971-FF20B70DAC5D}.Release|Any CPU.Build.0 = Release|Any CPU
		{94179696-D377-47E0-9356-5E51CC873FFA}.Debug|Any CPU.ActiveCfg = Debug|Any CPU
		{94179696-D377-47E0-9356-5E51CC873FFA}.Debug|Any CPU.Build.0 = Debug|Any CPU
		{94179696-D377-47E0-9356-5E51CC873FFA}.Release|Any CPU.ActiveCfg = Release|Any CPU
		{94179696-D377-47E0-9356-5E51CC873FFA}.Release|Any CPU.Build.0 = Release|Any CPU
		{158B229F-6EAB-4A70-B1DB-A6C291B695C9}.Debug|Any CPU.ActiveCfg = Debug|Any CPU
		{158B229F-6EAB-4A70-B1DB-A6C291B695C9}.Debug|Any CPU.Build.0 = Debug|Any CPU
		{158B229F-6EAB-4A70-B1DB-A6C291B695C9}.Release|Any CPU.ActiveCfg = Release|Any CPU
		{158B229F-6EAB-4A70-B1DB-A6C291B695C9}.Release|Any CPU.Build.0 = Release|Any CPU
		{1936F7CE-9A78-4479-811A-D1BAF07F8A2B}.Debug|Any CPU.ActiveCfg = Debug|Any CPU
		{1936F7CE-9A78-4479-811A-D1BAF07F8A2B}.Debug|Any CPU.Build.0 = Debug|Any CPU
		{1936F7CE-9A78-4479-811A-D1BAF07F8A2B}.Release|Any CPU.ActiveCfg = Release|Any CPU
		{1936F7CE-9A78-4479-811A-D1BAF07F8A2B}.Release|Any CPU.Build.0 = Release|Any CPU
		{7D179809-3AD5-4F19-BA12-AC55721B2A90}.Debug|Any CPU.ActiveCfg = Debug|Any CPU
		{7D179809-3AD5-4F19-BA12-AC55721B2A90}.Debug|Any CPU.Build.0 = Debug|Any CPU
		{7D179809-3AD5-4F19-BA12-AC55721B2A90}.Release|Any CPU.ActiveCfg = Release|Any CPU
		{7D179809-3AD5-4F19-BA12-AC55721B2A90}.Release|Any CPU.Build.0 = Release|Any CPU
		{83908A7D-71C0-47BF-8B61-6762CF3C8D90}.Debug|Any CPU.ActiveCfg = Debug|Any CPU
		{83908A7D-71C0-47BF-8B61-6762CF3C8D90}.Debug|Any CPU.Build.0 = Debug|Any CPU
		{83908A7D-71C0-47BF-8B61-6762CF3C8D90}.Release|Any CPU.ActiveCfg = Release|Any CPU
		{83908A7D-71C0-47BF-8B61-6762CF3C8D90}.Release|Any CPU.Build.0 = Release|Any CPU
		{851EBBDC-DDE2-4434-A6E6-3402B4C0262C}.Debug|Any CPU.ActiveCfg = Debug|Any CPU
		{851EBBDC-DDE2-4434-A6E6-3402B4C0262C}.Debug|Any CPU.Build.0 = Debug|Any CPU
		{851EBBDC-DDE2-4434-A6E6-3402B4C0262C}.Release|Any CPU.ActiveCfg = Release|Any CPU
		{851EBBDC-DDE2-4434-A6E6-3402B4C0262C}.Release|Any CPU.Build.0 = Release|Any CPU
		{14CF0642-A7B5-40E2-8161-699DE2EBC25C}.Debug|Any CPU.ActiveCfg = Debug|Any CPU
		{14CF0642-A7B5-40E2-8161-699DE2EBC25C}.Debug|Any CPU.Build.0 = Debug|Any CPU
		{14CF0642-A7B5-40E2-8161-699DE2EBC25C}.Release|Any CPU.ActiveCfg = Release|Any CPU
		{14CF0642-A7B5-40E2-8161-699DE2EBC25C}.Release|Any CPU.Build.0 = Release|Any CPU
	EndGlobalSection
	GlobalSection(SolutionProperties) = preSolution
		HideSolutionNode = FALSE
	EndGlobalSection
	GlobalSection(NestedProjects) = preSolution
		{76242564-F8A8-4B23-9F8D-052D29A2670D} = {30B60AD1-8EE1-47F9-9258-D4FBFBE440BA}
		{623AB61F-1AB4-472A-8812-074EF6F3394A} = {30B60AD1-8EE1-47F9-9258-D4FBFBE440BA}
		{DECF7D60-3968-417E-A16C-4359AAD9E672} = {30B60AD1-8EE1-47F9-9258-D4FBFBE440BA}
		{9771E7F5-0016-45B3-8D7E-C0774DBC3E16} = {30B60AD1-8EE1-47F9-9258-D4FBFBE440BA}
		{DAD8B86D-6245-4662-A0D3-EF34C731560B} = {30B60AD1-8EE1-47F9-9258-D4FBFBE440BA}
		{AEF4BCA5-8F49-415A-94A9-7B87AF50C021} = {D890F79D-A31B-4784-A0FC-BF829C178A9A}
		{0F935E43-D5C9-4CAE-AC34-0D3F8BB4927D} = {D890F79D-A31B-4784-A0FC-BF829C178A9A}
		{CC1D0FC5-703D-4D4F-A525-948D26A10199} = {76242564-F8A8-4B23-9F8D-052D29A2670D}
		{225A408C-469A-42D3-BEB7-00BFF9180A89} = {76242564-F8A8-4B23-9F8D-052D29A2670D}
		{0B5015E4-DF15-4DE5-BF44-F3F7A6161143} = {76242564-F8A8-4B23-9F8D-052D29A2670D}
		{5A1BB330-3480-421A-97D2-DC6D2B123DC6} = {623AB61F-1AB4-472A-8812-074EF6F3394A}
		{2DE7CA6A-F8DB-4830-ADDB-43A8FBA677B7} = {623AB61F-1AB4-472A-8812-074EF6F3394A}
		{100658DD-D275-4171-9797-DE39BC96B02D} = {623AB61F-1AB4-472A-8812-074EF6F3394A}
		{9AFBD066-B8C9-45B8-8604-74C87F8E7928} = {9771E7F5-0016-45B3-8D7E-C0774DBC3E16}
		{D58A93AE-16E1-4E4D-A9A4-C3BBFEB94AA2} = {9771E7F5-0016-45B3-8D7E-C0774DBC3E16}
		{AF42C294-65FE-4216-A7B8-31C84EC81A61} = {9771E7F5-0016-45B3-8D7E-C0774DBC3E16}
		{0024D7A2-04F0-4602-9FC2-0C92B88B79C5} = {9771E7F5-0016-45B3-8D7E-C0774DBC3E16}
		{AB977C92-CB58-426D-9C68-F7B3C5710C03} = {08C450A9-A6B7-48BB-9266-EAE7C1B9293E}
		{9DB102E3-D9D4-4133-B8C6-8153311C43D9} = {76242564-F8A8-4B23-9F8D-052D29A2670D}
		{18F728D5-AAD3-40A4-8FCE-F5A55AFEDCBB} = {5A1BB330-3480-421A-97D2-DC6D2B123DC6}
		{294855A6-6CAB-4FDE-A7C8-4F93FF527260} = {D58A93AE-16E1-4E4D-A9A4-C3BBFEB94AA2}
		{91D4666C-E973-4651-AD3D-A9BBF194671E} = {D58A93AE-16E1-4E4D-A9A4-C3BBFEB94AA2}
		{BA0AFDD6-0099-43CE-A28F-5BF0D679AEE9} = {9AFBD066-B8C9-45B8-8604-74C87F8E7928}
		{6BB80DC7-0151-4516-9FC1-841E40E43F0C} = {9AFBD066-B8C9-45B8-8604-74C87F8E7928}
		{D42C2971-8207-453A-9F31-C5BE5A1B28EA} = {AF42C294-65FE-4216-A7B8-31C84EC81A61}
		{165A73E0-E25F-4CDD-AB69-2BC3B723FA2A} = {AF42C294-65FE-4216-A7B8-31C84EC81A61}
		{0DD7957D-B009-40B8-9B6A-DD1C73052BCC} = {AF42C294-65FE-4216-A7B8-31C84EC81A61}
		{5469B1E4-438B-426F-ADC2-608B6DBC6B09} = {0024D7A2-04F0-4602-9FC2-0C92B88B79C5}
		{EE8D1BEB-D56D-47BB-8DBD-5FBB10A546E0} = {0024D7A2-04F0-4602-9FC2-0C92B88B79C5}
		{43B6628F-4AC7-40F0-9218-803A2F644DB5} = {5A1BB330-3480-421A-97D2-DC6D2B123DC6}
		{1EA66CEC-55EE-4210-B6D9-95012C341BDB} = {2DE7CA6A-F8DB-4830-ADDB-43A8FBA677B7}
		{F4969D38-A6D6-41C0-909E-31D6E4D6B7BB} = {2DE7CA6A-F8DB-4830-ADDB-43A8FBA677B7}
		{FEC28549-1E59-410D-A22D-205DFB05BAEB} = {100658DD-D275-4171-9797-DE39BC96B02D}
		{BFE5C1D4-46CD-4229-BEAF-8009E585E8B2} = {100658DD-D275-4171-9797-DE39BC96B02D}
		{F94B9C8D-B262-4341-9732-291C8D881DF5} = {DECF7D60-3968-417E-A16C-4359AAD9E672}
		{BEC44A09-4AAA-4039-9E6C-203A0B249EAB} = {DECF7D60-3968-417E-A16C-4359AAD9E672}
		{F71D8FDE-1261-4C6B-B971-FF20B70DAC5D} = {DAD8B86D-6245-4662-A0D3-EF34C731560B}
		{94179696-D377-47E0-9356-5E51CC873FFA} = {DAD8B86D-6245-4662-A0D3-EF34C731560B}
		{158B229F-6EAB-4A70-B1DB-A6C291B695C9} = {AEF4BCA5-8F49-415A-94A9-7B87AF50C021}
		{1936F7CE-9A78-4479-811A-D1BAF07F8A2B} = {AEF4BCA5-8F49-415A-94A9-7B87AF50C021}
		{7D179809-3AD5-4F19-BA12-AC55721B2A90} = {0F935E43-D5C9-4CAE-AC34-0D3F8BB4927D}
		{83908A7D-71C0-47BF-8B61-6762CF3C8D90} = {0F935E43-D5C9-4CAE-AC34-0D3F8BB4927D}
		{851EBBDC-DDE2-4434-A6E6-3402B4C0262C} = {F9647B52-0297-4E5F-8FB4-5953DE472730}
		{14CF0642-A7B5-40E2-8161-699DE2EBC25C} = {F9647B52-0297-4E5F-8FB4-5953DE472730}
	EndGlobalSection
	GlobalSection(ExtensibilityGlobals) = postSolution
		SolutionGuid = {E71EE7CE-C126-4420-BE46-C80ACE2FF892}
	EndGlobalSection
EndGlobal
